
Microsoft Visual Studio Solution File, Format Version 12.00
# Visual Studio Version 16
VisualStudioVersion = 16.0.29613.14
MinimumVisualStudioVersion = 10.0.40219.1
Project("{FAE04EC0-301F-11D3-BF4B-00C04F79EFBC}") = "BuyerDBEntity", "BuyerDBEntity.csproj", "{706DF06C-BE68-43D2-8469-545CC6DDCB7D}"
EndProject
Global
	GlobalSection(SolutionConfigurationPlatforms) = preSolution
		Debug|Any CPU = Debug|Any CPU
		Release|Any CPU = Release|Any CPU
	EndGlobalSection
	GlobalSection(ProjectConfigurationPlatforms) = postSolution
		{706DF06C-BE68-43D2-8469-545CC6DDCB7D}.Debug|Any CPU.ActiveCfg = Debug|Any CPU
		{706DF06C-BE68-43D2-8469-545CC6DDCB7D}.Debug|Any CPU.Build.0 = Debug|Any CPU
		{706DF06C-BE68-43D2-8469-545CC6DDCB7D}.Release|Any CPU.ActiveCfg = Release|Any CPU
		{706DF06C-BE68-43D2-8469-545CC6DDCB7D}.Release|Any CPU.Build.0 = Release|Any CPU
	EndGlobalSection
	GlobalSection(SolutionProperties) = preSolution
		HideSolutionNode = FALSE
	EndGlobalSection
	GlobalSection(ExtensibilityGlobals) = postSolution
		SolutionGuid = {1088F4A3-32E2-41F0-918E-1BC8789911A5}
	EndGlobalSection
EndGlobal
